// !$*UTF8*$!
{
	archiveVersion = 1;
	classes = {
	};
	objectVersion = 46;
	objects = {

/* Begin PBXBuildFile section */
		F77757ED1B0803190001FB9B /* CoreSync.m in Sources */ = {isa = PBXBuildFile; fileRef = F77757EC1B0803190001FB9B /* CoreSync.m */; };
		F77757F01B085A370001FB9B /* CoreSyncTransaction.m in Sources */ = {isa = PBXBuildFile; fileRef = F77757EF1B085A370001FB9B /* CoreSyncTransaction.m */; };
		F77757F31B09203E0001FB9B /* NSMutableDictionary+CoreSync.m in Sources */ = {isa = PBXBuildFile; fileRef = F77757F21B09203E0001FB9B /* NSMutableDictionary+CoreSync.m */; };
		F779557C1B0C4CEC00359E79 /* CoreSyncTests.m in Sources */ = {isa = PBXBuildFile; fileRef = F779557B1B0C4CEC00359E79 /* CoreSyncTests.m */; };
		F7C1B1541B869705008D1E8F /* CoreSync.m in Sources */ = {isa = PBXBuildFile; fileRef = F77757EC1B0803190001FB9B /* CoreSync.m */; };
		F7C1B1551B869705008D1E8F /* CoreSyncTransaction.m in Sources */ = {isa = PBXBuildFile; fileRef = F77757EF1B085A370001FB9B /* CoreSyncTransaction.m */; };
		F7C1B1561B869705008D1E8F /* NSMutableDictionary+CoreSync.m in Sources */ = {isa = PBXBuildFile; fileRef = F77757F21B09203E0001FB9B /* NSMutableDictionary+CoreSync.m */; };
/* End PBXBuildFile section */

/* Begin PBXCopyFilesBuildPhase section */
		F77757DF1B0802E40001FB9B /* CopyFiles */ = {
			isa = PBXCopyFilesBuildPhase;
			buildActionMask = 2147483647;
			dstPath = /usr/share/man/man1;
			dstSubfolderSpec = 0;
			files = (
			);
			runOnlyForDeploymentPostprocessing = 1;
		};
/* End PBXCopyFilesBuildPhase section */

/* Begin PBXFileReference section */
		F77757E11B0802E40001FB9B /* CoreSync */ = {isa = PBXFileReference; explicitFileType = "compiled.mach-o.executable"; includeInIndex = 0; path = CoreSync; sourceTree = BUILT_PRODUCTS_DIR; };
		F77757EB1B0803190001FB9B /* CoreSync.h */ = {isa = PBXFileReference; fileEncoding = 4; lastKnownFileType = sourcecode.c.h; path = CoreSync.h; sourceTree = "<group>"; };
		F77757EC1B0803190001FB9B /* CoreSync.m */ = {isa = PBXFileReference; fileEncoding = 4; lastKnownFileType = sourcecode.c.objc; path = CoreSync.m; sourceTree = "<group>"; };
		F77757EE1B085A370001FB9B /* CoreSyncTransaction.h */ = {isa = PBXFileReference; fileEncoding = 4; lastKnownFileType = sourcecode.c.h; path = CoreSyncTransaction.h; sourceTree = "<group>"; };
		F77757EF1B085A370001FB9B /* CoreSyncTransaction.m */ = {isa = PBXFileReference; fileEncoding = 4; lastKnownFileType = sourcecode.c.objc; path = CoreSyncTransaction.m; sourceTree = "<group>"; };
		F77757F11B09203E0001FB9B /* NSMutableDictionary+CoreSync.h */ = {isa = PBXFileReference; fileEncoding = 4; lastKnownFileType = sourcecode.c.h; path = "NSMutableDictionary+CoreSync.h"; sourceTree = "<group>"; };
		F77757F21B09203E0001FB9B /* NSMutableDictionary+CoreSync.m */ = {isa = PBXFileReference; fileEncoding = 4; lastKnownFileType = sourcecode.c.objc; path = "NSMutableDictionary+CoreSync.m"; sourceTree = "<group>"; };
		F77955771B0C4CEC00359E79 /* CoreSyncTests.xctest */ = {isa = PBXFileReference; explicitFileType = wrapper.cfbundle; includeInIndex = 0; path = CoreSyncTests.xctest; sourceTree = BUILT_PRODUCTS_DIR; };
		F779557A1B0C4CEC00359E79 /* Info.plist */ = {isa = PBXFileReference; lastKnownFileType = text.plist.xml; path = Info.plist; sourceTree = "<group>"; };
		F779557B1B0C4CEC00359E79 /* CoreSyncTests.m */ = {isa = PBXFileReference; lastKnownFileType = sourcecode.c.objc; path = CoreSyncTests.m; sourceTree = "<group>"; };
/* End PBXFileReference section */

/* Begin PBXFrameworksBuildPhase section */
		F77757DE1B0802E40001FB9B /* Frameworks */ = {
			isa = PBXFrameworksBuildPhase;
			buildActionMask = 2147483647;
			files = (
			);
			runOnlyForDeploymentPostprocessing = 0;
		};
		F77955741B0C4CEC00359E79 /* Frameworks */ = {
			isa = PBXFrameworksBuildPhase;
			buildActionMask = 2147483647;
			files = (
			);
			runOnlyForDeploymentPostprocessing = 0;
		};
/* End PBXFrameworksBuildPhase section */

/* Begin PBXGroup section */
		F77757D81B0802E40001FB9B = {
			isa = PBXGroup;
			children = (
				F77757E31B0802E40001FB9B /* CoreSync */,
				F77955781B0C4CEC00359E79 /* CoreSyncTests */,
				F77757E21B0802E40001FB9B /* Products */,
			);
			sourceTree = "<group>";
		};
		F77757E21B0802E40001FB9B /* Products */ = {
			isa = PBXGroup;
			children = (
				F77757E11B0802E40001FB9B /* CoreSync */,
				F77955771B0C4CEC00359E79 /* CoreSyncTests.xctest */,
			);
			name = Products;
			sourceTree = "<group>";
		};
		F77757E31B0802E40001FB9B /* CoreSync */ = {
			isa = PBXGroup;
			children = (
				F77757EB1B0803190001FB9B /* CoreSync.h */,
				F77757EC1B0803190001FB9B /* CoreSync.m */,
				F77757EE1B085A370001FB9B /* CoreSyncTransaction.h */,
				F77757EF1B085A370001FB9B /* CoreSyncTransaction.m */,
				F77757F11B09203E0001FB9B /* NSMutableDictionary+CoreSync.h */,
				F77757F21B09203E0001FB9B /* NSMutableDictionary+CoreSync.m */,
			);
			path = CoreSync;
			sourceTree = "<group>";
		};
		F77955781B0C4CEC00359E79 /* CoreSyncTests */ = {
			isa = PBXGroup;
			children = (
				F779557B1B0C4CEC00359E79 /* CoreSyncTests.m */,
				F77955791B0C4CEC00359E79 /* Supporting Files */,
			);
			path = CoreSyncTests;
			sourceTree = "<group>";
		};
		F77955791B0C4CEC00359E79 /* Supporting Files */ = {
			isa = PBXGroup;
			children = (
				F779557A1B0C4CEC00359E79 /* Info.plist */,
			);
			name = "Supporting Files";
			sourceTree = "<group>";
		};
/* End PBXGroup section */

/* Begin PBXNativeTarget section */
		F77757E01B0802E40001FB9B /* CoreSync */ = {
			isa = PBXNativeTarget;
			buildConfigurationList = F77757E81B0802E40001FB9B /* Build configuration list for PBXNativeTarget "CoreSync" */;
			buildPhases = (
				F77757DD1B0802E40001FB9B /* Sources */,
				F77757DE1B0802E40001FB9B /* Frameworks */,
				F77757DF1B0802E40001FB9B /* CopyFiles */,
			);
			buildRules = (
			);
			dependencies = (
			);
			name = CoreSync;
			productName = CoreSync;
			productReference = F77757E11B0802E40001FB9B /* CoreSync */;
			productType = "com.apple.product-type.tool";
		};
		F77955761B0C4CEC00359E79 /* CoreSyncTests */ = {
			isa = PBXNativeTarget;
			buildConfigurationList = F779557D1B0C4CEC00359E79 /* Build configuration list for PBXNativeTarget "CoreSyncTests" */;
			buildPhases = (
				F77955731B0C4CEC00359E79 /* Sources */,
				F77955741B0C4CEC00359E79 /* Frameworks */,
				F77955751B0C4CEC00359E79 /* Resources */,
			);
			buildRules = (
			);
			dependencies = (
			);
			name = CoreSyncTests;
			productName = CoreSyncTests;
			productReference = F77955771B0C4CEC00359E79 /* CoreSyncTests.xctest */;
			productType = "com.apple.product-type.bundle.unit-test";
		};
/* End PBXNativeTarget section */

/* Begin PBXProject section */
		F77757D91B0802E40001FB9B /* Project object */ = {
			isa = PBXProject;
			attributes = {
				LastUpgradeCheck = 0630;
				ORGANIZATIONNAME = "Styled Syntax";
				TargetAttributes = {
					F77757E01B0802E40001FB9B = {
						CreatedOnToolsVersion = 6.3.1;
					};
					F77955761B0C4CEC00359E79 = {
						CreatedOnToolsVersion = 6.3.1;
					};
				};
			};
			buildConfigurationList = F77757DC1B0802E40001FB9B /* Build configuration list for PBXProject "CoreSync" */;
			compatibilityVersion = "Xcode 3.2";
			developmentRegion = English;
			hasScannedForEncodings = 0;
			knownRegions = (
				en,
			);
			mainGroup = F77757D81B0802E40001FB9B;
			productRefGroup = F77757E21B0802E40001FB9B /* Products */;
			projectDirPath = "";
			projectRoot = "";
			targets = (
				F77757E01B0802E40001FB9B /* CoreSync */,
				F77955761B0C4CEC00359E79 /* CoreSyncTests */,
			);
		};
/* End PBXProject section */

/* Begin PBXResourcesBuildPhase section */
		F77955751B0C4CEC00359E79 /* Resources */ = {
			isa = PBXResourcesBuildPhase;
			buildActionMask = 2147483647;
			files = (
			);
			runOnlyForDeploymentPostprocessing = 0;
		};
/* End PBXResourcesBuildPhase section */

/* Begin PBXSourcesBuildPhase section */
		F77757DD1B0802E40001FB9B /* Sources */ = {
			isa = PBXSourcesBuildPhase;
			buildActionMask = 2147483647;
			files = (
				F77757F01B085A370001FB9B /* CoreSyncTransaction.m in Sources */,
				F77757F31B09203E0001FB9B /* NSMutableDictionary+CoreSync.m in Sources */,
				F77757ED1B0803190001FB9B /* CoreSync.m in Sources */,
			);
			runOnlyForDeploymentPostprocessing = 0;
		};
		F77955731B0C4CEC00359E79 /* Sources */ = {
			isa = PBXSourcesBuildPhase;
			buildActionMask = 2147483647;
			files = (
				F7C1B1551B869705008D1E8F /* CoreSyncTransaction.m in Sources */,
				F779557C1B0C4CEC00359E79 /* CoreSyncTests.m in Sources */,
				F7C1B1541B869705008D1E8F /* CoreSync.m in Sources */,
				F7C1B1561B869705008D1E8F /* NSMutableDictionary+CoreSync.m in Sources */,
			);
			runOnlyForDeploymentPostprocessing = 0;
		};
/* End PBXSourcesBuildPhase section */

/* Begin XCBuildConfiguration section */
		F77757E61B0802E40001FB9B /* Debug */ = {
			isa = XCBuildConfiguration;
			buildSettings = {
				ALWAYS_SEARCH_USER_PATHS = NO;
				CLANG_CXX_LANGUAGE_STANDARD = "gnu++0x";
				CLANG_CXX_LIBRARY = "libc++";
				CLANG_ENABLE_MODULES = YES;
				CLANG_ENABLE_OBJC_ARC = YES;
				CLANG_WARN_BOOL_CONVERSION = YES;
				CLANG_WARN_CONSTANT_CONVERSION = YES;
				CLANG_WARN_DIRECT_OBJC_ISA_USAGE = YES_ERROR;
				CLANG_WARN_EMPTY_BODY = YES;
				CLANG_WARN_ENUM_CONVERSION = YES;
				CLANG_WARN_INT_CONVERSION = YES;
				CLANG_WARN_OBJC_ROOT_CLASS = YES_ERROR;
				CLANG_WARN_UNREACHABLE_CODE = YES;
				CLANG_WARN__DUPLICATE_METHOD_MATCH = YES;
				COPY_PHASE_STRIP = NO;
				DEBUG_INFORMATION_FORMAT = dwarf;
				ENABLE_STRICT_OBJC_MSGSEND = YES;
				GCC_C_LANGUAGE_STANDARD = gnu99;
				GCC_DYNAMIC_NO_PIC = NO;
				GCC_NO_COMMON_BLOCKS = YES;
				GCC_OPTIMIZATION_LEVEL = 0;
				GCC_PREPROCESSOR_DEFINITIONS = (
					"DEBUG=1",
					"$(inherited)",
				);
				GCC_SYMBOLS_PRIVATE_EXTERN = NO;
				GCC_WARN_64_TO_32_BIT_CONVERSION = YES;
				GCC_WARN_ABOUT_RETURN_TYPE = YES_ERROR;
				GCC_WARN_UNDECLARED_SELECTOR = YES;
				GCC_WARN_UNINITIALIZED_AUTOS = YES_AGGRESSIVE;
				GCC_WARN_UNUSED_FUNCTION = YES;
				GCC_WARN_UNUSED_VARIABLE = YES;
				MACOSX_DEPLOYMENT_TARGET = 10.10;
				MTL_ENABLE_DEBUG_INFO = YES;
				ONLY_ACTIVE_ARCH = YES;
				SDKROOT = macosx;
			};
			name = Debug;
		};
		F77757E71B0802E40001FB9B /* Release */ = {
			isa = XCBuildConfiguration;
			buildSettings = {
				ALWAYS_SEARCH_USER_PATHS = NO;
				CLANG_CXX_LANGUAGE_STANDARD = "gnu++0x";
				CLANG_CXX_LIBRARY = "libc++";
				CLANG_ENABLE_MODULES = YES;
				CLANG_ENABLE_OBJC_ARC = YES;
				CLANG_WARN_BOOL_CONVERSION = YES;
				CLANG_WARN_CONSTANT_CONVERSION = YES;
				CLANG_WARN_DIRECT_OBJC_ISA_USAGE = YES_ERROR;
				CLANG_WARN_EMPTY_BODY = YES;
				CLANG_WARN_ENUM_CONVERSION = YES;
				CLANG_WARN_INT_CONVERSION = YES;
				CLANG_WARN_OBJC_ROOT_CLASS = YES_ERROR;
				CLANG_WARN_UNREACHABLE_CODE = YES;
				CLANG_WARN__DUPLICATE_METHOD_MATCH = YES;
				COPY_PHASE_STRIP = NO;
				DEBUG_INFORMATION_FORMAT = "dwarf-with-dsym";
				ENABLE_NS_ASSERTIONS = NO;
				ENABLE_STRICT_OBJC_MSGSEND = YES;
				GCC_C_LANGUAGE_STANDARD = gnu99;
				GCC_NO_COMMON_BLOCKS = YES;
				GCC_WARN_64_TO_32_BIT_CONVERSION = YES;
				GCC_WARN_ABOUT_RETURN_TYPE = YES_ERROR;
				GCC_WARN_UNDECLARED_SELECTOR = YES;
				GCC_WARN_UNINITIALIZED_AUTOS = YES_AGGRESSIVE;
				GCC_WARN_UNUSED_FUNCTION = YES;
				GCC_WARN_UNUSED_VARIABLE = YES;
				MACOSX_DEPLOYMENT_TARGET = 10.10;
				MTL_ENABLE_DEBUG_INFO = NO;
				SDKROOT = macosx;
			};
			name = Release;
		};
		F77757E91B0802E40001FB9B /* Debug */ = {
			isa = XCBuildConfiguration;
			buildSettings = {
				PRODUCT_NAME = "$(TARGET_NAME)";
			};
			name = Debug;
		};
		F77757EA1B0802E40001FB9B /* Release */ = {
			isa = XCBuildConfiguration;
			buildSettings = {
				PRODUCT_NAME = "$(TARGET_NAME)";
			};
			name = Release;
		};
		F779557E1B0C4CEC00359E79 /* Debug */ = {
			isa = XCBuildConfiguration;
			buildSettings = {
				COMBINE_HIDPI_IMAGES = YES;
				FRAMEWORK_SEARCH_PATHS = (
					"$(DEVELOPER_FRAMEWORKS_DIR)",
					"$(inherited)",
				);
				GCC_PREPROCESSOR_DEFINITIONS = (
					"DEBUG=1",
					"$(inherited)",
				);
				INFOPLIST_FILE = CoreSyncTests/Info.plist;
				LD_RUNPATH_SEARCH_PATHS = "$(inherited) @executable_path/../Frameworks @loader_path/../Frameworks";
				PRODUCT_NAME = "$(TARGET_NAME)";
			};
			name = Debug;
		};
		F779557F1B0C4CEC00359E79 /* Release */ = {
			isa = XCBuildConfiguration;
			buildSettings = {
				COMBINE_HIDPI_IMAGES = YES;
				FRAMEWORK_SEARCH_PATHS = (
					"$(DEVELOPER_FRAMEWORKS_DIR)",
					"$(inherited)",
				);
				INFOPLIST_FILE = CoreSyncTests/Info.plist;
				LD_RUNPATH_SEARCH_PATHS = "$(inherited) @executable_path/../Frameworks @loader_path/../Frameworks";
				PRODUCT_NAME = "$(TARGET_NAME)";
			};
			name = Release;
		};
/* End XCBuildConfiguration section */

/* Begin XCConfigurationList section */
		F77757DC1B0802E40001FB9B /* Build configuration list for PBXProject "CoreSync" */ = {
			isa = XCConfigurationList;
			buildConfigurations = (
				F77757E61B0802E40001FB9B /* Debug */,
				F77757E71B0802E40001FB9B /* Release */,
			);
			defaultConfigurationIsVisible = 0;
			defaultConfigurationName = Release;
		};
		F77757E81B0802E40001FB9B /* Build configuration list for PBXNativeTarget "CoreSync" */ = {
			isa = XCConfigurationList;
			buildConfigurations = (
				F77757E91B0802E40001FB9B /* Debug */,
				F77757EA1B0802E40001FB9B /* Release */,
			);
			defaultConfigurationIsVisible = 0;
			defaultConfigurationName = Release;
		};
		F779557D1B0C4CEC00359E79 /* Build configuration list for PBXNativeTarget "CoreSyncTests" */ = {
			isa = XCConfigurationList;
			buildConfigurations = (
				F779557E1B0C4CEC00359E79 /* Debug */,
				F779557F1B0C4CEC00359E79 /* Release */,
			);
			defaultConfigurationIsVisible = 0;
			defaultConfigurationName = Release;
		};
/* End XCConfigurationList section */
	};
	rootObject = F77757D91B0802E40001FB9B /* Project object */;
}
